
Microsoft Visual Studio Solution File, Format Version 12.00
# Visual Studio Version 17
VisualStudioVersion = 17.10.35122.118
MinimumVisualStudioVersion = 10.0.40219.1
Project("{9A19103F-16F7-4668-BE54-9A1E7A4F7556}") = "HelloWasm", "HelloWasm.csproj", "{4572B915-3A59-4FFB-A911-85E8DAAA6572}"
EndProject
Global
	GlobalSection(SolutionConfigurationPlatforms) = preSolution
		Debug|Any CPU = Debug|Any CPU
		Release|Any CPU = Release|Any CPU
	EndGlobalSection
	GlobalSection(ProjectConfigurationPlatforms) = postSolution
		{4572B915-3A59-4FFB-A911-85E8DAAA6572}.Debug|Any CPU.ActiveCfg = Debug|Any CPU
		{4572B915-3A59-4FFB-A911-85E8DAAA6572}.Debug|Any CPU.Build.0 = Debug|Any CPU
		{4572B915-3A59-4FFB-A911-85E8DAAA6572}.Release|Any CPU.ActiveCfg = Release|Any CPU
		{4572B915-3A59-4FFB-A911-85E8DAAA6572}.Release|Any CPU.Build.0 = Release|Any CPU
	EndGlobalSection
	GlobalSection(SolutionProperties) = preSolution
		HideSolutionNode = FALSE
	EndGlobalSection
	GlobalSection(ExtensibilityGlobals) = postSolution
		SolutionGuid = {98195080-DAA2-4A25-B1CC-A64C3468C823}
	EndGlobalSection
EndGlobal
